
Microsoft Visual Studio Solution File, Format Version 12.00
# Visual Studio Version 17
VisualStudioVersion = 17.6.33829.357
MinimumVisualStudioVersion = 10.0.40219.1
Project("{FAE04EC0-301F-11D3-BF4B-00C04F79EFBC}") = "Senior_Classes_net", "Senior_Classes_net\Senior_Classes_net.csproj", "{888B4345-20E2-41A5-A88F-D325CBB483C5}"
EndProject
Global
	GlobalSection(SolutionConfigurationPlatforms) = preSolution
		Debug|Any CPU = Debug|Any CPU
		Release|Any CPU = Release|Any CPU
	EndGlobalSection
	GlobalSection(ProjectConfigurationPlatforms) = postSolution
		{888B4345-20E2-41A5-A88F-D325CBB483C5}.Debug|Any CPU.ActiveCfg = Debug|Any CPU
		{888B4345-20E2-41A5-A88F-D325CBB483C5}.Debug|Any CPU.Build.0 = Debug|Any CPU
		{888B4345-20E2-41A5-A88F-D325CBB483C5}.Release|Any CPU.ActiveCfg = Release|Any CPU
		{888B4345-20E2-41A5-A88F-D325CBB483C5}.Release|Any CPU.Build.0 = Release|Any CPU
	EndGlobalSection
	GlobalSection(SolutionProperties) = preSolution
		HideSolutionNode = FALSE
	EndGlobalSection
	GlobalSection(ExtensibilityGlobals) = postSolution
		SolutionGuid = {39D5576A-DF22-489F-AC00-4E086975BC6D}
	EndGlobalSection
EndGlobal
