
Microsoft Visual Studio Solution File, Format Version 12.00
# Visual Studio Version 17
VisualStudioVersion = 17.6.33829.357
MinimumVisualStudioVersion = 10.0.40219.1
Project("{FAE04EC0-301F-11D3-BF4B-00C04F79EFBC}") = "BMI_Calculator", "BMI_Calculator\BMI_Calculator.csproj", "{5D595C09-876A-4768-BF60-816A3FF5BC4E}"
EndProject
Global
	GlobalSection(SolutionConfigurationPlatforms) = preSolution
		Debug|Any CPU = Debug|Any CPU
		Release|Any CPU = Release|Any CPU
	EndGlobalSection
	GlobalSection(ProjectConfigurationPlatforms) = postSolution
		{5D595C09-876A-4768-BF60-816A3FF5BC4E}.Debug|Any CPU.ActiveCfg = Debug|Any CPU
		{5D595C09-876A-4768-BF60-816A3FF5BC4E}.Debug|Any CPU.Build.0 = Debug|Any CPU
		{5D595C09-876A-4768-BF60-816A3FF5BC4E}.Release|Any CPU.ActiveCfg = Release|Any CPU
		{5D595C09-876A-4768-BF60-816A3FF5BC4E}.Release|Any CPU.Build.0 = Release|Any CPU
	EndGlobalSection
	GlobalSection(SolutionProperties) = preSolution
		HideSolutionNode = FALSE
	EndGlobalSection
	GlobalSection(ExtensibilityGlobals) = postSolution
		SolutionGuid = {1F5CFC37-51C1-4AE4-A426-7CCA1E228631}
	EndGlobalSection
EndGlobal
