
Microsoft Visual Studio Solution File, Format Version 12.00
# Visual Studio Version 17
VisualStudioVersion = 17.6.33829.357
MinimumVisualStudioVersion = 10.0.40219.1
Project("{FAE04EC0-301F-11D3-BF4B-00C04F79EFBC}") = "WeatherChallenge", "WeatherChallenge\WeatherChallenge.csproj", "{B58C5A06-C6E7-4EB9-A27A-8FA341250C64}"
EndProject
Global
	GlobalSection(SolutionConfigurationPlatforms) = preSolution
		Debug|Any CPU = Debug|Any CPU
		Release|Any CPU = Release|Any CPU
	EndGlobalSection
	GlobalSection(ProjectConfigurationPlatforms) = postSolution
		{B58C5A06-C6E7-4EB9-A27A-8FA341250C64}.Debug|Any CPU.ActiveCfg = Debug|Any CPU
		{B58C5A06-C6E7-4EB9-A27A-8FA341250C64}.Debug|Any CPU.Build.0 = Debug|Any CPU
		{B58C5A06-C6E7-4EB9-A27A-8FA341250C64}.Release|Any CPU.ActiveCfg = Release|Any CPU
		{B58C5A06-C6E7-4EB9-A27A-8FA341250C64}.Release|Any CPU.Build.0 = Release|Any CPU
	EndGlobalSection
	GlobalSection(SolutionProperties) = preSolution
		HideSolutionNode = FALSE
	EndGlobalSection
	GlobalSection(ExtensibilityGlobals) = postSolution
		SolutionGuid = {1DD41A7C-AB8B-44F9-BDD3-39F2DEF28EC6}
	EndGlobalSection
EndGlobal
