
Microsoft Visual Studio Solution File, Format Version 12.00
# Visual Studio Version 17
VisualStudioVersion = 17.6.33829.357
MinimumVisualStudioVersion = 10.0.40219.1
Project("{FAE04EC0-301F-11D3-BF4B-00C04F79EFBC}") = "Gmetrix", "Gmetrix\Gmetrix.csproj", "{A0CF4DAD-D1EE-4527-AFBA-A05085E81AE1}"
EndProject
Global
	GlobalSection(SolutionConfigurationPlatforms) = preSolution
		Debug|Any CPU = Debug|Any CPU
		Release|Any CPU = Release|Any CPU
	EndGlobalSection
	GlobalSection(ProjectConfigurationPlatforms) = postSolution
		{A0CF4DAD-D1EE-4527-AFBA-A05085E81AE1}.Debug|Any CPU.ActiveCfg = Debug|Any CPU
		{A0CF4DAD-D1EE-4527-AFBA-A05085E81AE1}.Debug|Any CPU.Build.0 = Debug|Any CPU
		{A0CF4DAD-D1EE-4527-AFBA-A05085E81AE1}.Release|Any CPU.ActiveCfg = Release|Any CPU
		{A0CF4DAD-D1EE-4527-AFBA-A05085E81AE1}.Release|Any CPU.Build.0 = Release|Any CPU
	EndGlobalSection
	GlobalSection(SolutionProperties) = preSolution
		HideSolutionNode = FALSE
	EndGlobalSection
	GlobalSection(ExtensibilityGlobals) = postSolution
		SolutionGuid = {5E439333-80F1-4DD0-BBC2-D38075336FF4}
	EndGlobalSection
EndGlobal
