
Microsoft Visual Studio Solution File, Format Version 12.00
# Visual Studio Version 17
VisualStudioVersion = 17.6.33829.357
MinimumVisualStudioVersion = 10.0.40219.1
Project("{FAE04EC0-301F-11D3-BF4B-00C04F79EFBC}") = "ErrHandling", "ErrHandling\ErrHandling.csproj", "{E0938CA4-4F0A-4835-9D96-86E73EBFA941}"
EndProject
Global
	GlobalSection(SolutionConfigurationPlatforms) = preSolution
		Debug|Any CPU = Debug|Any CPU
		Release|Any CPU = Release|Any CPU
	EndGlobalSection
	GlobalSection(ProjectConfigurationPlatforms) = postSolution
		{E0938CA4-4F0A-4835-9D96-86E73EBFA941}.Debug|Any CPU.ActiveCfg = Debug|Any CPU
		{E0938CA4-4F0A-4835-9D96-86E73EBFA941}.Debug|Any CPU.Build.0 = Debug|Any CPU
		{E0938CA4-4F0A-4835-9D96-86E73EBFA941}.Release|Any CPU.ActiveCfg = Release|Any CPU
		{E0938CA4-4F0A-4835-9D96-86E73EBFA941}.Release|Any CPU.Build.0 = Release|Any CPU
	EndGlobalSection
	GlobalSection(SolutionProperties) = preSolution
		HideSolutionNode = FALSE
	EndGlobalSection
	GlobalSection(ExtensibilityGlobals) = postSolution
		SolutionGuid = {C0813573-29E5-4D1A-A5F1-02EF325A179E}
	EndGlobalSection
EndGlobal
