
Microsoft Visual Studio Solution File, Format Version 12.00
# Visual Studio Version 17
VisualStudioVersion = 17.6.33829.357
MinimumVisualStudioVersion = 10.0.40219.1
Project("{FAE04EC0-301F-11D3-BF4B-00C04F79EFBC}") = "Wpf_dotNet", "Wpf_dotNet\Wpf_dotNet.csproj", "{5422126F-89B7-4D0A-8F29-B76E76A1973D}"
EndProject
Global
	GlobalSection(SolutionConfigurationPlatforms) = preSolution
		Debug|Any CPU = Debug|Any CPU
		Release|Any CPU = Release|Any CPU
	EndGlobalSection
	GlobalSection(ProjectConfigurationPlatforms) = postSolution
		{5422126F-89B7-4D0A-8F29-B76E76A1973D}.Debug|Any CPU.ActiveCfg = Debug|Any CPU
		{5422126F-89B7-4D0A-8F29-B76E76A1973D}.Debug|Any CPU.Build.0 = Debug|Any CPU
		{5422126F-89B7-4D0A-8F29-B76E76A1973D}.Release|Any CPU.ActiveCfg = Release|Any CPU
		{5422126F-89B7-4D0A-8F29-B76E76A1973D}.Release|Any CPU.Build.0 = Release|Any CPU
	EndGlobalSection
	GlobalSection(SolutionProperties) = preSolution
		HideSolutionNode = FALSE
	EndGlobalSection
	GlobalSection(ExtensibilityGlobals) = postSolution
		SolutionGuid = {1D8F3461-19E4-4FC8-8329-3A9D4E86CB82}
	EndGlobalSection
EndGlobal
